
Microsoft Visual Studio Solution File, Format Version 12.00
# Visual Studio 15
VisualStudioVersion = 15.0.27703.2035
MinimumVisualStudioVersion = 10.0.40219.1
Project("{9A19103F-16F7-4668-BE54-9A1E7A4F7556}") = "MiniSociety.WebApi", "STI.Society.Tenancy.WebApi\MiniSociety.WebApi.csproj", "{F343E9F2-7258-4C7A-80F5-54C7D384440A}"
EndProject
Global
	GlobalSection(SolutionConfigurationPlatforms) = preSolution
		Debug|Any CPU = Debug|Any CPU
		Release|Any CPU = Release|Any CPU
	EndGlobalSection
	GlobalSection(ProjectConfigurationPlatforms) = postSolution
		{F343E9F2-7258-4C7A-80F5-54C7D384440A}.Debug|Any CPU.ActiveCfg = Debug|Any CPU
		{F343E9F2-7258-4C7A-80F5-54C7D384440A}.Debug|Any CPU.Build.0 = Debug|Any CPU
		{F343E9F2-7258-4C7A-80F5-54C7D384440A}.Release|Any CPU.ActiveCfg = Release|Any CPU
		{F343E9F2-7258-4C7A-80F5-54C7D384440A}.Release|Any CPU.Build.0 = Release|Any CPU
	EndGlobalSection
	GlobalSection(SolutionProperties) = preSolution
		HideSolutionNode = FALSE
	EndGlobalSection
	GlobalSection(ExtensibilityGlobals) = postSolution
		SolutionGuid = {99639499-6CE3-4D6C-B674-24F5C368A957}
	EndGlobalSection
EndGlobal
